
Microsoft Visual Studio Solution File, Format Version 12.00
# Visual Studio Version 17
VisualStudioVersion = 17.0.31612.314
MinimumVisualStudioVersion = 10.0.40219.1
Project("{FAE04EC0-301F-11D3-BF4B-00C04F79EFBC}") = "LogAnalyticsQuerySample", "LogAnalyticsQuerySample\LogAnalyticsQuerySample.csproj", "{ADC7D609-F590-4955-8F04-6B7573D80E2E}"
EndProject
Global
	GlobalSection(SolutionConfigurationPlatforms) = preSolution
		Debug|Any CPU = Debug|Any CPU
		Release|Any CPU = Release|Any CPU
	EndGlobalSection
	GlobalSection(ProjectConfigurationPlatforms) = postSolution
		{ADC7D609-F590-4955-8F04-6B7573D80E2E}.Debug|Any CPU.ActiveCfg = Debug|Any CPU
		{ADC7D609-F590-4955-8F04-6B7573D80E2E}.Debug|Any CPU.Build.0 = Debug|Any CPU
		{ADC7D609-F590-4955-8F04-6B7573D80E2E}.Release|Any CPU.ActiveCfg = Release|Any CPU
		{ADC7D609-F590-4955-8F04-6B7573D80E2E}.Release|Any CPU.Build.0 = Release|Any CPU
	EndGlobalSection
	GlobalSection(SolutionProperties) = preSolution
		HideSolutionNode = FALSE
	EndGlobalSection
	GlobalSection(ExtensibilityGlobals) = postSolution
		SolutionGuid = {2E19EDFF-46C2-4893-B551-9A78F2356444}
	EndGlobalSection
EndGlobal
